Microsoft Visual Studio Solution File, Format Version 12.00
# Visual Studio Version 17
VisualStudioVersion = 17.6.33801.468
MinimumVisualStudioVersion = 10.0.40219.1
Project("{FAE04EC0-301F-11D3-BF4B-00C04F79EFBC}") = "Bloodmasters", "Client\Bloodmasters.csproj", "{406F2DC0-ED64-4D82-A75C-12DFC3300A66}"
EndProject
Global
	GlobalSection(SolutionConfigurationPlatforms) = preSolution
		Debug - Linux|Any CPU = Debug - Linux|Any CPU
		Debug - Windows|Any CPU = Debug - Windows|Any CPU
		Debug|Any CPU = Debug|Any CPU
		Release - Linux|Any CPU = Release - Linux|Any CPU
		Release - Windows|Any CPU = Release - Windows|Any CPU
		Release|Any CPU = Release|Any CPU
	EndGlobalSection
	GlobalSection(ProjectConfigurationPlatforms) = postSolution
		{406F2DC0-ED64-4D82-A75C-12DFC3300A66}.Debug - Linux|Any CPU.ActiveCfg = Debug|Any CPU
		{406F2DC0-ED64-4D82-A75C-12DFC3300A66}.Debug - Linux|Any CPU.Build.0 = Debug|Any CPU
		{406F2DC0-ED64-4D82-A75C-12DFC3300A66}.Debug - Windows|Any CPU.ActiveCfg = Debug|Any CPU
		{406F2DC0-ED64-4D82-A75C-12DFC3300A66}.Debug - Windows|Any CPU.Build.0 = Debug|Any CPU
		{406F2DC0-ED64-4D82-A75C-12DFC3300A66}.Debug|Any CPU.ActiveCfg = Debug|Any CPU
		{406F2DC0-ED64-4D82-A75C-12DFC3300A66}.Debug|Any CPU.Build.0 = Debug|Any CPU
		{406F2DC0-ED64-4D82-A75C-12DFC3300A66}.Release - Linux|Any CPU.ActiveCfg = Release|Any CPU
		{406F2DC0-ED64-4D82-A75C-12DFC3300A66}.Release - Linux|Any CPU.Build.0 = Release|Any CPU
		{406F2DC0-ED64-4D82-A75C-12DFC3300A66}.Release - Windows|Any CPU.ActiveCfg = Release|Any CPU
		{406F2DC0-ED64-4D82-A75C-12DFC3300A66}.Release - Windows|Any CPU.Build.0 = Release|Any CPU
		{406F2DC0-ED64-4D82-A75C-12DFC3300A66}.Release|Any CPU.ActiveCfg = Release|Any CPU
		{406F2DC0-ED64-4D82-A75C-12DFC3300A66}.Release|Any CPU.Build.0 = Release|Any CPU
	EndGlobalSection
	GlobalSection(SolutionProperties) = preSolution
		HideSolutionNode = FALSE
	EndGlobalSection
	GlobalSection(ExtensibilityGlobals) = postSolution
		SolutionGuid = {66039823-8100-4135-B36B-FBC13B4047E7}
	EndGlobalSection
EndGlobal
