Microsoft Visual Studio Solution File, Format Version 12.00
# Visual Studio Version 17
VisualStudioVersion = 17.6.33801.468
MinimumVisualStudioVersion = 10.0.40219.1
Project("{FAE04EC0-301F-11D3-BF4B-00C04F79EFBC}") = "DedicatedServer", "Server\DedicatedServer.csproj", "{15F2A8EE-878F-47BF-9C8B-C84D4B612F76}"
EndProject
Project("{FAE04EC0-301F-11D3-BF4B-00C04F79EFBC}") = "Bloodmasters.Shared", "Shared\Bloodmasters.Shared.csproj", "{317A639E-409B-4A0E-A9AF-AF5251CB7AEC}"
EndProject
Global
	GlobalSection(SolutionConfigurationPlatforms) = preSolution
		Debug - Linux|Any CPU = Debug - Linux|Any CPU
		Debug - Windows|Any CPU = Debug - Windows|Any CPU
		Release - Linux|Any CPU = Release - Linux|Any CPU
		Release - Windows|Any CPU = Release - Windows|Any CPU
	EndGlobalSection
	GlobalSection(ProjectConfigurationPlatforms) = postSolution
		{15F2A8EE-878F-47BF-9C8B-C84D4B612F76}.Debug - Linux|Any CPU.ActiveCfg = Debug - Linux|Any CPU
		{15F2A8EE-878F-47BF-9C8B-C84D4B612F76}.Debug - Linux|Any CPU.Build.0 = Debug - Linux|Any CPU
		{15F2A8EE-878F-47BF-9C8B-C84D4B612F76}.Debug - Windows|Any CPU.ActiveCfg = Debug - Windows|Any CPU
		{15F2A8EE-878F-47BF-9C8B-C84D4B612F76}.Debug - Windows|Any CPU.Build.0 = Debug - Windows|Any CPU
		{15F2A8EE-878F-47BF-9C8B-C84D4B612F76}.Release - Linux|Any CPU.ActiveCfg = Release - Linux|Any CPU
		{15F2A8EE-878F-47BF-9C8B-C84D4B612F76}.Release - Linux|Any CPU.Build.0 = Release - Linux|Any CPU
		{15F2A8EE-878F-47BF-9C8B-C84D4B612F76}.Release - Windows|Any CPU.ActiveCfg = Release - Windows|Any CPU
		{15F2A8EE-878F-47BF-9C8B-C84D4B612F76}.Release - Windows|Any CPU.Build.0 = Release - Windows|Any CPU
		{317A639E-409B-4A0E-A9AF-AF5251CB7AEC}.Debug - Linux|Any CPU.ActiveCfg = Debug|Any CPU
		{317A639E-409B-4A0E-A9AF-AF5251CB7AEC}.Debug - Linux|Any CPU.Build.0 = Debug|Any CPU
		{317A639E-409B-4A0E-A9AF-AF5251CB7AEC}.Debug - Windows|Any CPU.ActiveCfg = Debug|Any CPU
		{317A639E-409B-4A0E-A9AF-AF5251CB7AEC}.Debug - Windows|Any CPU.Build.0 = Debug|Any CPU
		{317A639E-409B-4A0E-A9AF-AF5251CB7AEC}.Release - Linux|Any CPU.ActiveCfg = Debug|Any CPU
		{317A639E-409B-4A0E-A9AF-AF5251CB7AEC}.Release - Linux|Any CPU.Build.0 = Debug|Any CPU
		{317A639E-409B-4A0E-A9AF-AF5251CB7AEC}.Release - Windows|Any CPU.ActiveCfg = Debug|Any CPU
		{317A639E-409B-4A0E-A9AF-AF5251CB7AEC}.Release - Windows|Any CPU.Build.0 = Debug|Any CPU
	EndGlobalSection
	GlobalSection(SolutionProperties) = preSolution
		HideSolutionNode = FALSE
	EndGlobalSection
	GlobalSection(ExtensibilityGlobals) = postSolution
		SolutionGuid = {318F917A-4339-4AA1-AE80-E49BB92F4308}
	EndGlobalSection
EndGlobal
