Microsoft Visual Studio Solution File, Format Version 12.00
# Visual Studio Version 17
VisualStudioVersion = 17.6.33801.468
MinimumVisualStudioVersion = 10.0.40219.1
Project("{FAE04EC0-301F-11D3-BF4B-00C04F79EFBC}") = "Launcher", "Launcher\Launcher.csproj", "{0232A66E-1D9B-483C-88A3-432F4EE78D12}"
EndProject
Global
	GlobalSection(SolutionConfigurationPlatforms) = preSolution
		Debug|x86 = Debug|x86
		Release|x86 = Release|x86
	EndGlobalSection
	GlobalSection(ProjectConfigurationPlatforms) = postSolution
		{0232A66E-1D9B-483C-88A3-432F4EE78D12}.Debug|x86.ActiveCfg = Debug|x86
		{0232A66E-1D9B-483C-88A3-432F4EE78D12}.Debug|x86.Build.0 = Debug|x86
		{0232A66E-1D9B-483C-88A3-432F4EE78D12}.Release|x86.ActiveCfg = Release|x86
		{0232A66E-1D9B-483C-88A3-432F4EE78D12}.Release|x86.Build.0 = Release|x86
	EndGlobalSection
	GlobalSection(SolutionProperties) = preSolution
		HideSolutionNode = FALSE
	EndGlobalSection
	GlobalSection(ExtensibilityGlobals) = postSolution
		SolutionGuid = {1BFB8E66-A1EA-43F3-B277-7DC1D8D58FDE}
	EndGlobalSection
EndGlobal
